
Microsoft Visual Studio Solution File, Format Version 12.00
# Visual Studio Version 17
VisualStudioVersion = 17.9.34622.214
MinimumVisualStudioVersion = 10.0.40219.1
Project("{FAE04EC0-301F-11D3-BF4B-00C04F79EFBC}") = "BaiTap32_ChuDe3", "BaiTap32_ChuDe3.csproj", "{ECD5F670-908B-42E4-B8AD-7CD42D67D06B}"
EndProject
Global
	GlobalSection(SolutionConfigurationPlatforms) = preSolution
		Debug|Any CPU = Debug|Any CPU
		Release|Any CPU = Release|Any CPU
	EndGlobalSection
	GlobalSection(ProjectConfigurationPlatforms) = postSolution
		{ECD5F670-908B-42E4-B8AD-7CD42D67D06B}.Debug|Any CPU.ActiveCfg = Debug|Any CPU
		{ECD5F670-908B-42E4-B8AD-7CD42D67D06B}.Debug|Any CPU.Build.0 = Debug|Any CPU
		{ECD5F670-908B-42E4-B8AD-7CD42D67D06B}.Release|Any CPU.ActiveCfg = Release|Any CPU
		{ECD5F670-908B-42E4-B8AD-7CD42D67D06B}.Release|Any CPU.Build.0 = Release|Any CPU
	EndGlobalSection
	GlobalSection(SolutionProperties) = preSolution
		HideSolutionNode = FALSE
	EndGlobalSection
	GlobalSection(ExtensibilityGlobals) = postSolution
		SolutionGuid = {4B8F9A7B-6EC4-4BBC-A36F-3E900659BC47}
	EndGlobalSection
EndGlobal
