
Microsoft Visual Studio Solution File, Format Version 12.00
# Visual Studio Version 17
VisualStudioVersion = 17.9.34607.119
MinimumVisualStudioVersion = 10.0.40219.1
Project("{FAE04EC0-301F-11D3-BF4B-00C04F79EFBC}") = "Bai3", "Bai3.csproj", "{B1A61537-C5DC-44BB-AA6D-60401BB87244}"
EndProject
Global
	GlobalSection(SolutionConfigurationPlatforms) = preSolution
		Debug|Any CPU = Debug|Any CPU
		Release|Any CPU = Release|Any CPU
	EndGlobalSection
	GlobalSection(ProjectConfigurationPlatforms) = postSolution
		{B1A61537-C5DC-44BB-AA6D-60401BB87244}.Debug|Any CPU.ActiveCfg = Debug|Any CPU
		{B1A61537-C5DC-44BB-AA6D-60401BB87244}.Debug|Any CPU.Build.0 = Debug|Any CPU
		{B1A61537-C5DC-44BB-AA6D-60401BB87244}.Release|Any CPU.ActiveCfg = Release|Any CPU
		{B1A61537-C5DC-44BB-AA6D-60401BB87244}.Release|Any CPU.Build.0 = Release|Any CPU
	EndGlobalSection
	GlobalSection(SolutionProperties) = preSolution
		HideSolutionNode = FALSE
	EndGlobalSection
	GlobalSection(ExtensibilityGlobals) = postSolution
		SolutionGuid = {295DFD6F-318E-4AB7-8207-402439AA6B0A}
	EndGlobalSection
EndGlobal
