
Microsoft Visual Studio Solution File, Format Version 12.00
# Visual Studio Version 17
VisualStudioVersion = 17.9.34622.214
MinimumVisualStudioVersion = 10.0.40219.1
Project("{FAE04EC0-301F-11D3-BF4B-00C04F79EFBC}") = "WebApplication1", "WebApplication1\WebApplication1.csproj", "{7DCF4BBF-2D01-4D30-B65B-D3DA27CF04EB}"
EndProject
Global
	GlobalSection(SolutionConfigurationPlatforms) = preSolution
		Debug|Any CPU = Debug|Any CPU
		Release|Any CPU = Release|Any CPU
	EndGlobalSection
	GlobalSection(ProjectConfigurationPlatforms) = postSolution
		{7DCF4BBF-2D01-4D30-B65B-D3DA27CF04EB}.Debug|Any CPU.ActiveCfg = Debug|Any CPU
		{7DCF4BBF-2D01-4D30-B65B-D3DA27CF04EB}.Debug|Any CPU.Build.0 = Debug|Any CPU
		{7DCF4BBF-2D01-4D30-B65B-D3DA27CF04EB}.Release|Any CPU.ActiveCfg = Release|Any CPU
		{7DCF4BBF-2D01-4D30-B65B-D3DA27CF04EB}.Release|Any CPU.Build.0 = Release|Any CPU
	EndGlobalSection
	GlobalSection(SolutionProperties) = preSolution
		HideSolutionNode = FALSE
	EndGlobalSection
	GlobalSection(ExtensibilityGlobals) = postSolution
		SolutionGuid = {144C2044-D8DF-4499-B691-B2F3577CADCD}
	EndGlobalSection
EndGlobal
