
Microsoft Visual Studio Solution File, Format Version 12.00
# Visual Studio Version 17
VisualStudioVersion = 17.9.34622.214
MinimumVisualStudioVersion = 10.0.40219.1
Project("{FAE04EC0-301F-11D3-BF4B-00C04F79EFBC}") = "Chude5_BaiTap3_3_DaHinh", "Chude5_BaiTap3_3_DaHinh\Chude5_BaiTap3_3_DaHinh.csproj", "{4E9899D6-7221-4A54-9261-D9DC1A76FB79}"
EndProject
Global
	GlobalSection(SolutionConfigurationPlatforms) = preSolution
		Debug|Any CPU = Debug|Any CPU
		Release|Any CPU = Release|Any CPU
	EndGlobalSection
	GlobalSection(ProjectConfigurationPlatforms) = postSolution
		{4E9899D6-7221-4A54-9261-D9DC1A76FB79}.Debug|Any CPU.ActiveCfg = Debug|Any CPU
		{4E9899D6-7221-4A54-9261-D9DC1A76FB79}.Debug|Any CPU.Build.0 = Debug|Any CPU
		{4E9899D6-7221-4A54-9261-D9DC1A76FB79}.Release|Any CPU.ActiveCfg = Release|Any CPU
		{4E9899D6-7221-4A54-9261-D9DC1A76FB79}.Release|Any CPU.Build.0 = Release|Any CPU
	EndGlobalSection
	GlobalSection(SolutionProperties) = preSolution
		HideSolutionNode = FALSE
	EndGlobalSection
	GlobalSection(ExtensibilityGlobals) = postSolution
		SolutionGuid = {3CEF9731-6CBC-40E0-801F-7E72E8EC8790}
	EndGlobalSection
EndGlobal
