
Microsoft Visual Studio Solution File, Format Version 12.00
# Visual Studio Version 17
VisualStudioVersion = 17.9.34607.119
MinimumVisualStudioVersion = 10.0.40219.1
Project("{FAE04EC0-301F-11D3-BF4B-00C04F79EFBC}") = "OOP_ConsoleApp", "OOP_ConsoleApp.csproj", "{C0C0D514-0F87-4D84-97A1-712EAF53F9B4}"
EndProject
Project("{FAE04EC0-301F-11D3-BF4B-00C04F79EFBC}") = "Topic4", "..\Topic4\Topic4.csproj", "{5C17F8CB-F23D-40C1-B008-D4165565E57E}"
EndProject
Global
	GlobalSection(SolutionConfigurationPlatforms) = preSolution
		Debug|Any CPU = Debug|Any CPU
		Release|Any CPU = Release|Any CPU
	EndGlobalSection
	GlobalSection(ProjectConfigurationPlatforms) = postSolution
		{C0C0D514-0F87-4D84-97A1-712EAF53F9B4}.Debug|Any CPU.ActiveCfg = Debug|Any CPU
		{C0C0D514-0F87-4D84-97A1-712EAF53F9B4}.Debug|Any CPU.Build.0 = Debug|Any CPU
		{C0C0D514-0F87-4D84-97A1-712EAF53F9B4}.Release|Any CPU.ActiveCfg = Release|Any CPU
		{C0C0D514-0F87-4D84-97A1-712EAF53F9B4}.Release|Any CPU.Build.0 = Release|Any CPU
		{5C17F8CB-F23D-40C1-B008-D4165565E57E}.Debug|Any CPU.ActiveCfg = Debug|Any CPU
		{5C17F8CB-F23D-40C1-B008-D4165565E57E}.Debug|Any CPU.Build.0 = Debug|Any CPU
		{5C17F8CB-F23D-40C1-B008-D4165565E57E}.Release|Any CPU.ActiveCfg = Release|Any CPU
		{5C17F8CB-F23D-40C1-B008-D4165565E57E}.Release|Any CPU.Build.0 = Release|Any CPU
	EndGlobalSection
	GlobalSection(SolutionProperties) = preSolution
		HideSolutionNode = FALSE
	EndGlobalSection
	GlobalSection(ExtensibilityGlobals) = postSolution
		SolutionGuid = {7982E569-7062-490C-AF89-E259217E73E8}
	EndGlobalSection
EndGlobal
