
Microsoft Visual Studio Solution File, Format Version 12.00
# Visual Studio Version 17
VisualStudioVersion = 17.5.002.0
MinimumVisualStudioVersion = 10.0.40219.1
Project("{9A19103F-16F7-4668-BE54-9A1E7A4F7556}") = "Adult", "Adult.csproj", "{D074FA9D-5434-43BA-9A50-7CE1F629D26E}"
EndProject
Global
	GlobalSection(SolutionConfigurationPlatforms) = preSolution
		Debug|Any CPU = Debug|Any CPU
		Release|Any CPU = Release|Any CPU
	EndGlobalSection
	GlobalSection(ProjectConfigurationPlatforms) = postSolution
		{D074FA9D-5434-43BA-9A50-7CE1F629D26E}.Debug|Any CPU.ActiveCfg = Debug|Any CPU
		{D074FA9D-5434-43BA-9A50-7CE1F629D26E}.Debug|Any CPU.Build.0 = Debug|Any CPU
		{D074FA9D-5434-43BA-9A50-7CE1F629D26E}.Release|Any CPU.ActiveCfg = Release|Any CPU
		{D074FA9D-5434-43BA-9A50-7CE1F629D26E}.Release|Any CPU.Build.0 = Release|Any CPU
	EndGlobalSection
	GlobalSection(SolutionProperties) = preSolution
		HideSolutionNode = FALSE
	EndGlobalSection
	GlobalSection(ExtensibilityGlobals) = postSolution
		SolutionGuid = {CEC6ADD3-DFA5-4ACD-AFD4-5327BB8D1F42}
	EndGlobalSection
EndGlobal
