
Microsoft Visual Studio Solution File, Format Version 12.00
# Visual Studio Version 17
VisualStudioVersion = 17.5.002.0
MinimumVisualStudioVersion = 10.0.40219.1
Project("{9A19103F-16F7-4668-BE54-9A1E7A4F7556}") = "MutipleChoice", "MutipleChoice.csproj", "{AEEA1632-FDCC-4756-97E7-BC01B2CB4C51}"
EndProject
Global
	GlobalSection(SolutionConfigurationPlatforms) = preSolution
		Debug|Any CPU = Debug|Any CPU
		Release|Any CPU = Release|Any CPU
	EndGlobalSection
	GlobalSection(ProjectConfigurationPlatforms) = postSolution
		{AEEA1632-FDCC-4756-97E7-BC01B2CB4C51}.Debug|Any CPU.ActiveCfg = Debug|Any CPU
		{AEEA1632-FDCC-4756-97E7-BC01B2CB4C51}.Debug|Any CPU.Build.0 = Debug|Any CPU
		{AEEA1632-FDCC-4756-97E7-BC01B2CB4C51}.Release|Any CPU.ActiveCfg = Release|Any CPU
		{AEEA1632-FDCC-4756-97E7-BC01B2CB4C51}.Release|Any CPU.Build.0 = Release|Any CPU
	EndGlobalSection
	GlobalSection(SolutionProperties) = preSolution
		HideSolutionNode = FALSE
	EndGlobalSection
	GlobalSection(ExtensibilityGlobals) = postSolution
		SolutionGuid = {DA55F7B8-79CF-48F8-84D8-DB3C41F54DFF}
	EndGlobalSection
EndGlobal
